
Microsoft Visual Studio Solution File, Format Version 12.00
# Visual Studio 15
VisualStudioVersion = 15.0.28307.1000
MinimumVisualStudioVersion = 10.0.40219.1
Project("{FAE04EC0-301F-11D3-BF4B-00C04F79EFBC}") = "week2_labnum2", "week2_labnum2\week2_labnum2.csproj", "{553C4DB0-A85B-46F9-B604-453042A8BBEA}"
EndProject
Global
	GlobalSection(SolutionConfigurationPlatforms) = preSolution
		Debug|Any CPU = Debug|Any CPU
		Release|Any CPU = Release|Any CPU
	EndGlobalSection
	GlobalSection(ProjectConfigurationPlatforms) = postSolution
		{553C4DB0-A85B-46F9-B604-453042A8BBEA}.Debug|Any CPU.ActiveCfg = Debug|Any CPU
		{553C4DB0-A85B-46F9-B604-453042A8BBEA}.Debug|Any CPU.Build.0 = Debug|Any CPU
		{553C4DB0-A85B-46F9-B604-453042A8BBEA}.Release|Any CPU.ActiveCfg = Release|Any CPU
		{553C4DB0-A85B-46F9-B604-453042A8BBEA}.Release|Any CPU.Build.0 = Release|Any CPU
	EndGlobalSection
	GlobalSection(SolutionProperties) = preSolution
		HideSolutionNode = FALSE
	EndGlobalSection
	GlobalSection(ExtensibilityGlobals) = postSolution
		SolutionGuid = {EED1F2D5-2FEA-4924-9099-BC0B2DCCCD92}
	EndGlobalSection
EndGlobal
